github.com/google/uuid v1.3.0 h1:t6JiXgmwXMjEs8VusXIJk2BXHsn+wx8BZdTaoZ5fu7I=
github.com/google/uuid v1.3.0/go.mod h1:TIyPZe4MgqvfeYDBFedMoGGpEw/LqOeaOT+nhxU+yHo=
github.com/mattn/go-sqlite3 v1.14.9 h1:10HX2Td0ocZpYEjhilsuo6WWtUqttj2Kb0KtD86/KYA=
github.com/mattn/go-sqlite3 v1.14.9/go.mod h1:NyWgC/yNuGj7Q9rpYnZvas74GogHl5/Z4A/KQRfk6bU=
gopkg.in/ini.v1 v1.63.2 h1:tGK/CyBg7SMzb60vP1M03vNZ3VDu3wGQJwn7Sxi9r3c=
gopkg.in/ini.v1 v1.63.2/go.mod h1:pNLf8WUiyNEtQjuu5G5vTm06TEv9tsIgeAvK8hOrP4k=
